
Microsoft Visual Studio Solution File, Format Version 12.00
# Visual Studio Version 16
VisualStudioVersion = 16.0.30907.101
MinimumVisualStudioVersion = 10.0.40219.1
Project("{FAE04EC0-301F-11D3-BF4B-00C04F79EFBC}") = "PROYECTO_DOTNET_REST_CLIENTE_PASPUEL_QUISTANCHALA_VILLARRUEL", "PROYECTO_DOTNET_REST_CLIENTE_PASPUEL_QUISTANCHALA_VILLARRUEL\PROYECTO_DOTNET_REST_CLIENTE_PASPUEL_QUISTANCHALA_VILLARRUEL.csproj", "{C876E0EA-7CB3-47A9-8FCD-3EA8FAAB00DD}"
EndProject
Global
	GlobalSection(SolutionConfigurationPlatforms) = preSolution
		Debug|Any CPU = Debug|Any CPU
		Release|Any CPU = Release|Any CPU
	EndGlobalSection
	GlobalSection(ProjectConfigurationPlatforms) = postSolution
		{C876E0EA-7CB3-47A9-8FCD-3EA8FAAB00DD}.Debug|Any CPU.ActiveCfg = Debug|Any CPU
		{C876E0EA-7CB3-47A9-8FCD-3EA8FAAB00DD}.Debug|Any CPU.Build.0 = Debug|Any CPU
		{C876E0EA-7CB3-47A9-8FCD-3EA8FAAB00DD}.Release|Any CPU.ActiveCfg = Release|Any CPU
		{C876E0EA-7CB3-47A9-8FCD-3EA8FAAB00DD}.Release|Any CPU.Build.0 = Release|Any CPU
	EndGlobalSection
	GlobalSection(SolutionProperties) = preSolution
		HideSolutionNode = FALSE
	EndGlobalSection
	GlobalSection(ExtensibilityGlobals) = postSolution
		SolutionGuid = {9600A621-91C6-4FC1-A7F4-0D558613F468}
	EndGlobalSection
EndGlobal
